
Microsoft Visual Studio Solution File, Format Version 12.00
# Visual Studio Version 17
VisualStudioVersion = 17.9.34701.34
MinimumVisualStudioVersion = 10.0.40219.1
Project("{FAE04EC0-301F-11D3-BF4B-00C04F79EFBC}") = "RookiesConsoleFirstDay", "RookiesConsoleFirstDay.csproj", "{7CAA2326-1A07-4341-A37E-2333F2698AB6}"
EndProject
Global
	GlobalSection(SolutionConfigurationPlatforms) = preSolution
		Debug|Any CPU = Debug|Any CPU
		Release|Any CPU = Release|Any CPU
	EndGlobalSection
	GlobalSection(ProjectConfigurationPlatforms) = postSolution
		{7CAA2326-1A07-4341-A37E-2333F2698AB6}.Debug|Any CPU.ActiveCfg = Debug|Any CPU
		{7CAA2326-1A07-4341-A37E-2333F2698AB6}.Debug|Any CPU.Build.0 = Debug|Any CPU
		{7CAA2326-1A07-4341-A37E-2333F2698AB6}.Release|Any CPU.ActiveCfg = Release|Any CPU
		{7CAA2326-1A07-4341-A37E-2333F2698AB6}.Release|Any CPU.Build.0 = Release|Any CPU
	EndGlobalSection
	GlobalSection(SolutionProperties) = preSolution
		HideSolutionNode = FALSE
	EndGlobalSection
	GlobalSection(ExtensibilityGlobals) = postSolution
		SolutionGuid = {C69307C8-AE64-444A-875C-F7BDD731C763}
	EndGlobalSection
EndGlobal
